{
  "name": "sanbot",
  "version": "0.1.0",
  "lockfileVersion": 3,
  "requires": true,
  "packages": {
    "": {
      "name": "sanbot",
      "version": "0.1.0",
      "dependencies": {
        "@ai-sdk/anthropic": "^3.0.35",
        "@ai-sdk/openai": "^3.0.25",
        "@anthropic-ai/sdk": "^0.72.1",
        "@mariozechner/pi-tui": "^0.51.5",
        "ai": "^6.0.67",
        "cli-highlight": "^2.1.11",
        "marked": "^17.0.1",
        "marked-terminal": "^7.3.0",
        "nanospinner": "^1.2.2",
        "picocolors": "^1.1.1",
        "zod": "4.3.6"
      },
      "bin": {
        "sanbot": "src/index.ts"
      },
      "devDependencies": {
        "@types/bun": "latest"
      },
      "peerDependencies": {
        "typescript": "^5"
      }
    },
    "node_modules/@ai-sdk/anthropic": {
      "version": "3.0.35",
      "license": "Apache-2.0",
      "dependencies": {
        "@ai-sdk/provider": "3.0.7",
        "@ai-sdk/provider-utils": "4.0.13"
      },
      "engines": {
        "node": ">=18"
      },
      "peerDependencies": {
        "zod": "^3.25.76 || ^4.1.8"
      }
    },
    "node_modules/@ai-sdk/gateway": {
      "version": "3.0.32",
      "license": "Apache-2.0",
      "dependencies": {
        "@ai-sdk/provider": "3.0.7",
        "@ai-sdk/provider-utils": "4.0.13",
        "@vercel/oidc": "3.1.0"
      },
      "engines": {
        "node": ">=18"
      },
      "peerDependencies": {
        "zod": "^3.25.76 || ^4.1.8"
      }
    },
    "node_modules/@ai-sdk/openai": {
      "version": "3.0.25",
      "license": "Apache-2.0",
      "dependencies": {
        "@ai-sdk/provider": "3.0.7",
        "@ai-sdk/provider-utils": "4.0.13"
      },
      "engines": {
        "node": ">=18"
      },
      "peerDependencies": {
        "zod": "^3.25.76 || ^4.1.8"
      }
    },
    "node_modules/@ai-sdk/provider": {
      "version": "3.0.7",
      "license": "Apache-2.0",
      "dependencies": {
        "json-schema": "^0.4.0"
      },
      "engines": {
        "node": ">=18"
      }
    },
    "node_modules/@ai-sdk/provider-utils": {
      "version": "4.0.13",
      "license": "Apache-2.0",
      "dependencies": {
        "@ai-sdk/provider": "3.0.7",
        "@standard-schema/spec": "^1.1.0",
        "eventsource-parser": "^3.0.6"
      },
      "engines": {
        "node": ">=18"
      },
      "peerDependencies": {
        "zod": "^3.25.76 || ^4.1.8"
      }
    },
    "node_modules/@anthropic-ai/sdk": {
      "version": "0.72.1",
      "license": "MIT",
      "dependencies": {
        "json-schema-to-ts": "^3.1.1"
      },
      "bin": {
        "anthropic-ai-sdk": "bin/cli"
      },
      "peerDependencies": {
        "zod": "^3.25.0 || ^4.0.0"
      },
      "peerDependenciesMeta": {
        "zod": {
          "optional": true
        }
      }
    },
    "node_modules/@babel/runtime": {
      "version": "7.28.6",
      "license": "MIT",
      "engines": {
        "node": ">=6.9.0"
      }
    },
    "node_modules/@colors/colors": {
      "version": "1.5.0",
      "license": "MIT",
      "optional": true,
      "engines": {
        "node": ">=0.1.90"
      }
    },
    "node_modules/@mariozechner/pi-tui": {
      "version": "0.51.5",
      "resolved": "https://registry.npmjs.org/@mariozechner/pi-tui/-/pi-tui-0.51.5.tgz",
      "integrity": "sha512-TW01yCu1NQ9WD/EjA1/DiuTzKrpSxrHO3gBl7o8+rrZ4ON2tEellSUaaGZeRl+xhRJFqCndLSIKXbIl7mX0RDA==",
      "license": "MIT",
      "dependencies": {
        "@types/mime-types": "^2.1.4",
        "chalk": "^5.5.0",
        "get-east-asian-width": "^1.3.0",
        "marked": "^15.0.12",
        "mime-types": "^3.0.1"
      },
      "engines": {
        "node": ">=20.0.0"
      }
    },
    "node_modules/@mariozechner/pi-tui/node_modules/chalk": {
      "version": "5.6.2",
      "resolved": "https://registry.npmjs.org/chalk/-/chalk-5.6.2.tgz",
      "integrity": "sha512-7NzBL0rN6fMUW+f7A6Io4h40qQlG+xGmtMxfbnH/K7TAtt8JQWVQK+6g0UXKMeVJoyV5EkkNsErQ8pVD3bLHbA==",
      "license": "MIT",
      "engines": {
        "node": "^12.17.0 || ^14.13 || >=16.0.0"
      },
      "funding": {
        "url": "https://github.com/chalk/chalk?sponsor=1"
      }
    },
    "node_modules/@mariozechner/pi-tui/node_modules/marked": {
      "version": "15.0.12",
      "resolved": "https://registry.npmjs.org/marked/-/marked-15.0.12.tgz",
      "integrity": "sha512-8dD6FusOQSrpv9Z1rdNMdlSgQOIP880DHqnohobOmYLElGEqAL/JvxvuxZO16r4HtjTlfPRDC1hbvxC9dPN2nA==",
      "license": "MIT",
      "bin": {
        "marked": "bin/marked.js"
      },
      "engines": {
        "node": ">= 18"
      }
    },
    "node_modules/@opentelemetry/api": {
      "version": "1.9.0",
      "license": "Apache-2.0",
      "engines": {
        "node": ">=8.0.0"
      }
    },
    "node_modules/@sindresorhus/is": {
      "version": "4.6.0",
      "license": "MIT",
      "engines": {
        "node": ">=10"
      },
      "funding": {
        "url": "https://github.com/sindresorhus/is?sponsor=1"
      }
    },
    "node_modules/@standard-schema/spec": {
      "version": "1.1.0",
      "license": "MIT"
    },
    "node_modules/@types/bun": {
      "version": "1.3.8",
      "resolved": "https://registry.npmjs.org/@types/bun/-/bun-1.3.8.tgz",
      "integrity": "sha512-3LvWJ2q5GerAXYxO2mffLTqOzEu5qnhEAlh48Vnu8WQfnmSwbgagjGZV6BoHKJztENYEDn6QmVd949W4uESRJA==",
      "dev": true,
      "license": "MIT",
      "dependencies": {
        "bun-types": "1.3.8"
      }
    },
    "node_modules/@types/mime-types": {
      "version": "2.1.4",
      "resolved": "https://registry.npmjs.org/@types/mime-types/-/mime-types-2.1.4.tgz",
      "integrity": "sha512-lfU4b34HOri+kAY5UheuFMWPDOI+OPceBSHZKp69gEyTL/mmJ4cnU6Y/rlme3UL3GyOn6Y42hyIEw0/q8sWx5w==",
      "license": "MIT"
    },
    "node_modules/@types/node": {
      "version": "25.2.0",
      "dev": true,
      "license": "MIT",
      "dependencies": {
        "undici-types": "~7.16.0"
      }
    },
    "node_modules/@vercel/oidc": {
      "version": "3.1.0",
      "license": "Apache-2.0",
      "engines": {
        "node": ">= 20"
      }
    },
    "node_modules/ai": {
      "version": "6.0.67",
      "license": "Apache-2.0",
      "dependencies": {
        "@ai-sdk/gateway": "3.0.32",
        "@ai-sdk/provider": "3.0.7",
        "@ai-sdk/provider-utils": "4.0.13",
        "@opentelemetry/api": "1.9.0"
      },
      "engines": {
        "node": ">=18"
      },
      "peerDependencies": {
        "zod": "^3.25.76 || ^4.1.8"
      }
    },
    "node_modules/ansi-escapes": {
      "version": "7.2.0",
      "license": "MIT",
      "dependencies": {
        "environment": "^1.0.0"
      },
      "engines": {
        "node": ">=18"
      },
      "funding": {
        "url": "https://github.com/sponsors/sindresorhus"
      }
    },
    "node_modules/ansi-regex": {
      "version": "6.2.2",
      "license": "MIT",
      "engines": {
        "node": ">=12"
      },
      "funding": {
        "url": "https://github.com/chalk/ansi-regex?sponsor=1"
      }
    },
    "node_modules/ansi-styles": {
      "version": "4.3.0",
      "license": "MIT",
      "dependencies": {
        "color-convert": "^2.0.1"
      },
      "engines": {
        "node": ">=8"
      },
      "funding": {
        "url": "https://github.com/chalk/ansi-styles?sponsor=1"
      }
    },
    "node_modules/any-promise": {
      "version": "1.3.0",
      "license": "MIT"
    },
    "node_modules/bun-types": {
      "version": "1.3.8",
      "dev": true,
      "license": "MIT",
      "dependencies": {
        "@types/node": "*"
      }
    },
    "node_modules/chalk": {
      "version": "4.1.2",
      "license": "MIT",
      "dependencies": {
        "ansi-styles": "^4.1.0",
        "supports-color": "^7.1.0"
      },
      "engines": {
        "node": ">=10"
      },
      "funding": {
        "url": "https://github.com/chalk/chalk?sponsor=1"
      }
    },
    "node_modules/char-regex": {
      "version": "1.0.2",
      "license": "MIT",
      "engines": {
        "node": ">=10"
      }
    },
    "node_modules/cli-highlight": {
      "version": "2.1.11",
      "license": "ISC",
      "dependencies": {
        "chalk": "^4.0.0",
        "highlight.js": "^10.7.1",
        "mz": "^2.4.0",
        "parse5": "^5.1.1",
        "parse5-htmlparser2-tree-adapter": "^6.0.0",
        "yargs": "^16.0.0"
      },
      "bin": {
        "highlight": "bin/highlight"
      },
      "engines": {
        "node": ">=8.0.0",
        "npm": ">=5.0.0"
      }
    },
    "node_modules/cli-table3": {
      "version": "0.6.5",
      "license": "MIT",
      "dependencies": {
        "string-width": "^4.2.0"
      },
      "engines": {
        "node": "10.* || >= 12.*"
      },
      "optionalDependencies": {
        "@colors/colors": "1.5.0"
      }
    },
    "node_modules/cliui": {
      "version": "7.0.4",
      "license": "ISC",
      "dependencies": {
        "string-width": "^4.2.0",
        "strip-ansi": "^6.0.0",
        "wrap-ansi": "^7.0.0"
      }
    },
    "node_modules/color-convert": {
      "version": "2.0.1",
      "license": "MIT",
      "dependencies": {
        "color-name": "~1.1.4"
      },
      "engines": {
        "node": ">=7.0.0"
      }
    },
    "node_modules/color-name": {
      "version": "1.1.4",
      "license": "MIT"
    },
    "node_modules/emoji-regex": {
      "version": "8.0.0",
      "license": "MIT"
    },
    "node_modules/emojilib": {
      "version": "2.4.0",
      "license": "MIT"
    },
    "node_modules/environment": {
      "version": "1.1.0",
      "license": "MIT",
      "engines": {
        "node": ">=18"
      },
      "funding": {
        "url": "https://github.com/sponsors/sindresorhus"
      }
    },
    "node_modules/escalade": {
      "version": "3.2.0",
      "license": "MIT",
      "engines": {
        "node": ">=6"
      }
    },
    "node_modules/eventsource-parser": {
      "version": "3.0.6",
      "license": "MIT",
      "engines": {
        "node": ">=18.0.0"
      }
    },
    "node_modules/get-caller-file": {
      "version": "2.0.5",
      "license": "ISC",
      "engines": {
        "node": "6.* || 8.* || >= 10.*"
      }
    },
    "node_modules/get-east-asian-width": {
      "version": "1.4.0",
      "resolved": "https://registry.npmjs.org/get-east-asian-width/-/get-east-asian-width-1.4.0.tgz",
      "integrity": "sha512-QZjmEOC+IT1uk6Rx0sX22V6uHWVwbdbxf1faPqJ1QhLdGgsRGCZoyaQBm/piRdJy/D2um6hM1UP7ZEeQ4EkP+Q==",
      "license": "MIT",
      "engines": {
        "node": ">=18"
      },
      "funding": {
        "url": "https://github.com/sponsors/sindresorhus"
      }
    },
    "node_modules/has-flag": {
      "version": "4.0.0",
      "license": "MIT",
      "engines": {
        "node": ">=8"
      }
    },
    "node_modules/highlight.js": {
      "version": "10.7.3",
      "license": "BSD-3-Clause",
      "engines": {
        "node": "*"
      }
    },
    "node_modules/is-fullwidth-code-point": {
      "version": "3.0.0",
      "license": "MIT",
      "engines": {
        "node": ">=8"
      }
    },
    "node_modules/json-schema": {
      "version": "0.4.0",
      "license": "(AFL-2.1 OR BSD-3-Clause)"
    },
    "node_modules/json-schema-to-ts": {
      "version": "3.1.1",
      "license": "MIT",
      "dependencies": {
        "@babel/runtime": "^7.18.3",
        "ts-algebra": "^2.0.0"
      },
      "engines": {
        "node": ">=16"
      }
    },
    "node_modules/marked": {
      "version": "17.0.1",
      "license": "MIT",
      "bin": {
        "marked": "bin/marked.js"
      },
      "engines": {
        "node": ">= 20"
      }
    },
    "node_modules/marked-terminal": {
      "version": "7.3.0",
      "license": "MIT",
      "dependencies": {
        "ansi-escapes": "^7.0.0",
        "ansi-regex": "^6.1.0",
        "chalk": "^5.4.1",
        "cli-highlight": "^2.1.11",
        "cli-table3": "^0.6.5",
        "node-emoji": "^2.2.0",
        "supports-hyperlinks": "^3.1.0"
      },
      "engines": {
        "node": ">=16.0.0"
      },
      "peerDependencies": {
        "marked": ">=1 <16"
      }
    },
    "node_modules/marked-terminal/node_modules/chalk": {
      "version": "5.6.2",
      "license": "MIT",
      "engines": {
        "node": "^12.17.0 || ^14.13 || >=16.0.0"
      },
      "funding": {
        "url": "https://github.com/chalk/chalk?sponsor=1"
      }
    },
    "node_modules/mime-db": {
      "version": "1.54.0",
      "resolved": "https://registry.npmjs.org/mime-db/-/mime-db-1.54.0.tgz",
      "integrity": "sha512-aU5EJuIN2WDemCcAp2vFBfp/m4EAhWJnUNSSw0ixs7/kXbd6Pg64EmwJkNdFhB8aWt1sH2CTXrLxo/iAGV3oPQ==",
      "license": "MIT",
      "engines": {
        "node": ">= 0.6"
      }
    },
    "node_modules/mime-types": {
      "version": "3.0.2",
      "resolved": "https://registry.npmjs.org/mime-types/-/mime-types-3.0.2.tgz",
      "integrity": "sha512-Lbgzdk0h4juoQ9fCKXW4by0UJqj+nOOrI9MJ1sSj4nI8aI2eo1qmvQEie4VD1glsS250n15LsWsYtCugiStS5A==",
      "license": "MIT",
      "dependencies": {
        "mime-db": "^1.54.0"
      },
      "engines": {
        "node": ">=18"
      },
      "funding": {
        "type": "opencollective",
        "url": "https://opencollective.com/express"
      }
    },
    "node_modules/mz": {
      "version": "2.7.0",
      "license": "MIT",
      "dependencies": {
        "any-promise": "^1.0.0",
        "object-assign": "^4.0.1",
        "thenify-all": "^1.0.0"
      }
    },
    "node_modules/nanospinner": {
      "version": "1.2.2",
      "license": "MIT",
      "dependencies": {
        "picocolors": "^1.1.1"
      }
    },
    "node_modules/node-emoji": {
      "version": "2.2.0",
      "license": "MIT",
      "dependencies": {
        "@sindresorhus/is": "^4.6.0",
        "char-regex": "^1.0.2",
        "emojilib": "^2.4.0",
        "skin-tone": "^2.0.0"
      },
      "engines": {
        "node": ">=18"
      }
    },
    "node_modules/object-assign": {
      "version": "4.1.1",
      "license": "MIT",
      "engines": {
        "node": ">=0.10.0"
      }
    },
    "node_modules/parse5": {
      "version": "5.1.1",
      "license": "MIT"
    },
    "node_modules/parse5-htmlparser2-tree-adapter": {
      "version": "6.0.1",
      "license": "MIT",
      "dependencies": {
        "parse5": "^6.0.1"
      }
    },
    "node_modules/parse5-htmlparser2-tree-adapter/node_modules/parse5": {
      "version": "6.0.1",
      "license": "MIT"
    },
    "node_modules/picocolors": {
      "version": "1.1.1",
      "license": "ISC"
    },
    "node_modules/require-directory": {
      "version": "2.1.1",
      "license": "MIT",
      "engines": {
        "node": ">=0.10.0"
      }
    },
    "node_modules/skin-tone": {
      "version": "2.0.0",
      "license": "MIT",
      "dependencies": {
        "unicode-emoji-modifier-base": "^1.0.0"
      },
      "engines": {
        "node": ">=8"
      }
    },
    "node_modules/string-width": {
      "version": "4.2.3",
      "license": "MIT",
      "dependencies": {
        "emoji-regex": "^8.0.0",
        "is-fullwidth-code-point": "^3.0.0",
        "strip-ansi": "^6.0.1"
      },
      "engines": {
        "node": ">=8"
      }
    },
    "node_modules/strip-ansi": {
      "version": "6.0.1",
      "license": "MIT",
      "dependencies": {
        "ansi-regex": "^5.0.1"
      },
      "engines": {
        "node": ">=8"
      }
    },
    "node_modules/strip-ansi/node_modules/ansi-regex": {
      "version": "5.0.1",
      "license": "MIT",
      "engines": {
        "node": ">=8"
      }
    },
    "node_modules/supports-color": {
      "version": "7.2.0",
      "license": "MIT",
      "dependencies": {
        "has-flag": "^4.0.0"
      },
      "engines": {
        "node": ">=8"
      }
    },
    "node_modules/supports-hyperlinks": {
      "version": "3.2.0",
      "license": "MIT",
      "dependencies": {
        "has-flag": "^4.0.0",
        "supports-color": "^7.0.0"
      },
      "engines": {
        "node": ">=14.18"
      },
      "funding": {
        "url": "https://github.com/chalk/supports-hyperlinks?sponsor=1"
      }
    },
    "node_modules/thenify": {
      "version": "3.3.1",
      "license": "MIT",
      "dependencies": {
        "any-promise": "^1.0.0"
      }
    },
    "node_modules/thenify-all": {
      "version": "1.6.0",
      "license": "MIT",
      "dependencies": {
        "thenify": ">= 3.1.0 < 4"
      },
      "engines": {
        "node": ">=0.8"
      }
    },
    "node_modules/ts-algebra": {
      "version": "2.0.0",
      "license": "MIT"
    },
    "node_modules/undici-types": {
      "version": "7.16.0",
      "dev": true,
      "license": "MIT"
    },
    "node_modules/unicode-emoji-modifier-base": {
      "version": "1.0.0",
      "license": "MIT",
      "engines": {
        "node": ">=4"
      }
    },
    "node_modules/wrap-ansi": {
      "version": "7.0.0",
      "license": "MIT",
      "dependencies": {
        "ansi-styles": "^4.0.0",
        "string-width": "^4.1.0",
        "strip-ansi": "^6.0.0"
      },
      "engines": {
        "node": ">=10"
      },
      "funding": {
        "url": "https://github.com/chalk/wrap-ansi?sponsor=1"
      }
    },
    "node_modules/y18n": {
      "version": "5.0.8",
      "license": "ISC",
      "engines": {
        "node": ">=10"
      }
    },
    "node_modules/yargs": {
      "version": "16.2.0",
      "license": "MIT",
      "dependencies": {
        "cliui": "^7.0.2",
        "escalade": "^3.1.1",
        "get-caller-file": "^2.0.5",
        "require-directory": "^2.1.1",
        "string-width": "^4.2.0",
        "y18n": "^5.0.5",
        "yargs-parser": "^20.2.2"
      },
      "engines": {
        "node": ">=10"
      }
    },
    "node_modules/yargs-parser": {
      "version": "20.2.9",
      "license": "ISC",
      "engines": {
        "node": ">=10"
      }
    },
    "node_modules/zod": {
      "version": "4.3.6",
      "license": "MIT",
      "funding": {
        "url": "https://github.com/sponsors/colinhacks"
      }
    }
  }
}
